
Microsoft Visual Studio Solution File, Format Version 12.00
# Visual Studio Version 17
VisualStudioVersion = 17.14.35906.104
MinimumVisualStudioVersion = 10.0.40219.1
Project("{2150E333-8FDC-42A3-9474-1A3956D46DE8}") = "_Solution Items", "_Solution Items", "{02EA681E-C7D8-13C7-8484-4AC65E1B71E8}"
	ProjectSection(SolutionItems) = preProject
		.editorconfig = .editorconfig
		Directory.Packages.props = Directory.Packages.props
		exclusions.dic = exclusions.dic
		global.json = global.json
		README.md = README.md
		testenvironments.json = testenvironments.json
	EndProjectSection
EndProject
Project("{FAE04EC0-301F-11D3-BF4B-00C04F79EFBC}") = "Application.API", "Application.API\Application.API.csproj", "{A635D8B6-6FE4-0F8A-099D-6ECAC421399B}"
EndProject
Project("{FAE04EC0-301F-11D3-BF4B-00C04F79EFBC}") = "Common.Shared", "Common.Shared\Common.Shared.csproj", "{549B26A9-3EC0-CCE6-9FC8-C6BC5009A14A}"
EndProject
Project("{FAE04EC0-301F-11D3-BF4B-00C04F79EFBC}") = "Business.Tests", "Business.Tests\Business.Tests.csproj", "{F40ED2C9-A745-FEBE-287F-64588D4CC0E3}"
EndProject
Project("{FAE04EC0-301F-11D3-BF4B-00C04F79EFBC}") = "Business.Infrastructure", "Business.Infrastructure\Business.Infrastructure.csproj", "{DFF3974A-4ED7-B37A-E1B6-7FC38F60468C}"
EndProject
Project("{FAE04EC0-301F-11D3-BF4B-00C04F79EFBC}") = "Business.Core", "Business.Core\Business.Core.csproj", "{3722794F-B13B-080E-729A-6C19B933F6FC}"
EndProject
Project("{FAE04EC0-301F-11D3-BF4B-00C04F79EFBC}") = "Application.GUI", "..\Client\Application.GUI\Application.GUI.csproj", "{D3347164-F361-064A-8936-35DDDCCB3BE3}"
EndProject
Project("{2150E333-8FDC-42A3-9474-1A3956D46DE8}") = "IdentityServer", "IdentityServer", "{FC013407-2187-4C01-B955-2F914F1B6A49}"
EndProject
Project("{2150E333-8FDC-42A3-9474-1A3956D46DE8}") = "AuthorisationServer", "AuthorisationServer", "{5804E279-E310-40DA-9FB8-6971360A8E4C}"
EndProject
Global
	GlobalSection(SolutionConfigurationPlatforms) = preSolution
		Debug|Any CPU = Debug|Any CPU
		Release|Any CPU = Release|Any CPU
	EndGlobalSection
	GlobalSection(ProjectConfigurationPlatforms) = postSolution
		{A635D8B6-6FE4-0F8A-099D-6ECAC421399B}.Debug|Any CPU.ActiveCfg = Debug|Any CPU
		{A635D8B6-6FE4-0F8A-099D-6ECAC421399B}.Debug|Any CPU.Build.0 = Debug|Any CPU
		{A635D8B6-6FE4-0F8A-099D-6ECAC421399B}.Release|Any CPU.ActiveCfg = Release|Any CPU
		{A635D8B6-6FE4-0F8A-099D-6ECAC421399B}.Release|Any CPU.Build.0 = Release|Any CPU
		{549B26A9-3EC0-CCE6-9FC8-C6BC5009A14A}.Debug|Any CPU.ActiveCfg = Debug|Any CPU
		{549B26A9-3EC0-CCE6-9FC8-C6BC5009A14A}.Debug|Any CPU.Build.0 = Debug|Any CPU
		{549B26A9-3EC0-CCE6-9FC8-C6BC5009A14A}.Release|Any CPU.ActiveCfg = Release|Any CPU
		{549B26A9-3EC0-CCE6-9FC8-C6BC5009A14A}.Release|Any CPU.Build.0 = Release|Any CPU
		{F40ED2C9-A745-FEBE-287F-64588D4CC0E3}.Debug|Any CPU.ActiveCfg = Debug|Any CPU
		{F40ED2C9-A745-FEBE-287F-64588D4CC0E3}.Debug|Any CPU.Build.0 = Debug|Any CPU
		{F40ED2C9-A745-FEBE-287F-64588D4CC0E3}.Release|Any CPU.ActiveCfg = Release|Any CPU
		{F40ED2C9-A745-FEBE-287F-64588D4CC0E3}.Release|Any CPU.Build.0 = Release|Any CPU
		{DFF3974A-4ED7-B37A-E1B6-7FC38F60468C}.Debug|Any CPU.ActiveCfg = Debug|Any CPU
		{DFF3974A-4ED7-B37A-E1B6-7FC38F60468C}.Debug|Any CPU.Build.0 = Debug|Any CPU
		{DFF3974A-4ED7-B37A-E1B6-7FC38F60468C}.Release|Any CPU.ActiveCfg = Release|Any CPU
		{DFF3974A-4ED7-B37A-E1B6-7FC38F60468C}.Release|Any CPU.Build.0 = Release|Any CPU
		{3722794F-B13B-080E-729A-6C19B933F6FC}.Debug|Any CPU.ActiveCfg = Debug|Any CPU
		{3722794F-B13B-080E-729A-6C19B933F6FC}.Debug|Any CPU.Build.0 = Debug|Any CPU
		{3722794F-B13B-080E-729A-6C19B933F6FC}.Release|Any CPU.ActiveCfg = Release|Any CPU
		{3722794F-B13B-080E-729A-6C19B933F6FC}.Release|Any CPU.Build.0 = Release|Any CPU
		{D3347164-F361-064A-8936-35DDDCCB3BE3}.Debug|Any CPU.ActiveCfg = Debug|Any CPU
		{D3347164-F361-064A-8936-35DDDCCB3BE3}.Release|Any CPU.ActiveCfg = Release|Any CPU
		{D3347164-F361-064A-8936-35DDDCCB3BE3}.Release|Any CPU.Build.0 = Release|Any CPU
		{D3347164-F361-064A-8936-35DDDCCB3BE3}.Release|Any CPU.Deploy.0 = Release|Any CPU
	EndGlobalSection
	GlobalSection(SolutionProperties) = preSolution
		HideSolutionNode = FALSE
	EndGlobalSection
	GlobalSection(ExtensibilityGlobals) = postSolution
		SolutionGuid = {B86B89C5-A2CE-4108-8554-6A84059C96CD}
	EndGlobalSection
EndGlobal
